// !$*UTF8*$!
{
	archiveVersion = 1;
	classes = {
	};
	objectVersion = 50;
	objects = {

/* Begin PBXBuildFile section */
		946DC4A32433A409003F14B6 /* AppDelegate.swift in Sources */ = {isa = PBXBuildFile; fileRef = 946DC4A22433A409003F14B6 /* AppDelegate.swift */; };
		946DC4A72433A409003F14B6 /* ViewController.swift in Sources */ = {isa = PBXBuildFile; fileRef = 946DC4A62433A409003F14B6 /* ViewController.swift */; };
		946DC4AA2433A409003F14B6 /* Main.storyboard in Resources */ = {isa = PBXBuildFile; fileRef = 946DC4A82433A409003F14B6 /* Main.storyboard */; };
		946DC4AC2433A40D003F14B6 /* Assets.xcassets in Resources */ = {isa = PBXBuildFile; fileRef = 946DC4AB2433A40D003F14B6 /* Assets.xcassets */; };
		946DC4AF2433A40D003F14B6 /* LaunchScreen.storyboard in Resources */ = {isa = PBXBuildFile; fileRef = 946DC4AD2433A40D003F14B6 /* LaunchScreen.storyboard */; };
		946DC4B82433A535003F14B6 /* CollectionViewCell.swift in Sources */ = {isa = PBXBuildFile; fileRef = 946DC4B62433A535003F14B6 /* CollectionViewCell.swift */; };
		946DC4B92433A535003F14B6 /* CollectionViewCell.xib in Resources */ = {isa = PBXBuildFile; fileRef = 946DC4B72433A535003F14B6 /* CollectionViewCell.xib */; };
		946DC4BB2433ACED003F14B6 /* CreateBlanks.swift in Sources */ = {isa = PBXBuildFile; fileRef = 946DC4BA2433ACED003F14B6 /* CreateBlanks.swift */; };
		94B3E13E24344849008E2DEE /* CommonConstants.swift in Sources */ = {isa = PBXBuildFile; fileRef = 94B3E13D24344849008E2DEE /* CommonConstants.swift */; };
		94B3E14024344C3F008E2DEE /* WordGameTextField.swift in Sources */ = {isa = PBXBuildFile; fileRef = 94B3E13F24344C3F008E2DEE /* WordGameTextField.swift */; };
		94BA80FB2434584800598086 /* ScoreboardViewController.swift in Sources */ = {isa = PBXBuildFile; fileRef = 94BA80FA2434584800598086 /* ScoreboardViewController.swift */; };
/* End PBXBuildFile section */

/* Begin PBXFileReference section */
		946DC49F2433A409003F14B6 /* Test.app */ = {isa = PBXFileReference; explicitFileType = wrapper.application; includeInIndex = 0; path = Test.app; sourceTree = BUILT_PRODUCTS_DIR; };
		946DC4A22433A409003F14B6 /* AppDelegate.swift */ = {isa = PBXFileReference; lastKnownFileType = sourcecode.swift; path = AppDelegate.swift; sourceTree = "<group>"; };
		946DC4A62433A409003F14B6 /* ViewController.swift */ = {isa = PBXFileReference; lastKnownFileType = sourcecode.swift; path = ViewController.swift; sourceTree = "<group>"; };
		946DC4A92433A409003F14B6 /* Base */ = {isa = PBXFileReference; lastKnownFileType = file.storyboard; name = Base; path = Base.lproj/Main.storyboard; sourceTree = "<group>"; };
		946DC4AB2433A40D003F14B6 /* Assets.xcassets */ = {isa = PBXFileReference; lastKnownFileType = folder.assetcatalog; path = Assets.xcassets; sourceTree = "<group>"; };
		946DC4AE2433A40D003F14B6 /* Base */ = {isa = PBXFileReference; lastKnownFileType = file.storyboard; name = Base; path = Base.lproj/LaunchScreen.storyboard; sourceTree = "<group>"; };
		946DC4B02433A40D003F14B6 /* Info.plist */ = {isa = PBXFileReference; lastKnownFileType = text.plist.xml; path = Info.plist; sourceTree = "<group>"; };
		946DC4B62433A535003F14B6 /* CollectionViewCell.swift */ = {isa = PBXFileReference; lastKnownFileType = sourcecode.swift; path = CollectionViewCell.swift; sourceTree = "<group>"; };
		946DC4B72433A535003F14B6 /* CollectionViewCell.xib */ = {isa = PBXFileReference; lastKnownFileType = file.xib; path = CollectionViewCell.xib; sourceTree = "<group>"; };
		946DC4BA2433ACED003F14B6 /* CreateBlanks.swift */ = {isa = PBXFileReference; lastKnownFileType = sourcecode.swift; path = CreateBlanks.swift; sourceTree = "<group>"; };
		94B3E13D24344849008E2DEE /* CommonConstants.swift */ = {isa = PBXFileReference; lastKnownFileType = sourcecode.swift; path = CommonConstants.swift; sourceTree = "<group>"; };
		94B3E13F24344C3F008E2DEE /* WordGameTextField.swift */ = {isa = PBXFileReference; lastKnownFileType = sourcecode.swift; path = WordGameTextField.swift; sourceTree = "<group>"; };
		94BA80FA2434584800598086 /* ScoreboardViewController.swift */ = {isa = PBXFileReference; lastKnownFileType = sourcecode.swift; path = ScoreboardViewController.swift; sourceTree = "<group>"; };
/* End PBXFileReference section */

/* Begin PBXFrameworksBuildPhase section */
		946DC49C2433A409003F14B6 /* Frameworks */ = {
			isa = PBXFrameworksBuildPhase;
			buildActionMask = 2147483647;
			files = (
			);
			runOnlyForDeploymentPostprocessing = 0;
		};
/* End PBXFrameworksBuildPhase section */

/* Begin PBXGroup section */
		946DC4962433A409003F14B6 = {
			isa = PBXGroup;
			children = (
				946DC4A12433A409003F14B6 /* Test */,
				946DC4A02433A409003F14B6 /* Products */,
			);
			sourceTree = "<group>";
		};
		946DC4A02433A409003F14B6 /* Products */ = {
			isa = PBXGroup;
			children = (
				946DC49F2433A409003F14B6 /* Test.app */,
			);
			name = Products;
			sourceTree = "<group>";
		};
		946DC4A12433A409003F14B6 /* Test */ = {
			isa = PBXGroup;
			children = (
				946DC4A22433A409003F14B6 /* AppDelegate.swift */,
				946DC4A62433A409003F14B6 /* ViewController.swift */,
				946DC4A82433A409003F14B6 /* Main.storyboard */,
				946DC4AB2433A40D003F14B6 /* Assets.xcassets */,
				946DC4AD2433A40D003F14B6 /* LaunchScreen.storyboard */,
				946DC4B02433A40D003F14B6 /* Info.plist */,
				946DC4B62433A535003F14B6 /* CollectionViewCell.swift */,
				946DC4B72433A535003F14B6 /* CollectionViewCell.xib */,
				946DC4BA2433ACED003F14B6 /* CreateBlanks.swift */,
				94B3E13D24344849008E2DEE /* CommonConstants.swift */,
				94B3E13F24344C3F008E2DEE /* WordGameTextField.swift */,
				94BA80FA2434584800598086 /* ScoreboardViewController.swift */,
			);
			path = Test;
			sourceTree = "<group>";
		};
/* End PBXGroup section */

/* Begin PBXNativeTarget section */
		946DC49E2433A409003F14B6 /* Test */ = {
			isa = PBXNativeTarget;
			buildConfigurationList = 946DC4B32433A40D003F14B6 /* Build configuration list for PBXNativeTarget "Test" */;
			buildPhases = (
				946DC49B2433A409003F14B6 /* Sources */,
				946DC49C2433A409003F14B6 /* Frameworks */,
				946DC49D2433A409003F14B6 /* Resources */,
			);
			buildRules = (
			);
			dependencies = (
			);
			name = Test;
			productName = Test;
			productReference = 946DC49F2433A409003F14B6 /* Test.app */;
			productType = "com.apple.product-type.application";
		};
/* End PBXNativeTarget section */

/* Begin PBXProject section */
		946DC4972433A409003F14B6 /* Project object */ = {
			isa = PBXProject;
			attributes = {
				LastSwiftUpdateCheck = 1120;
				LastUpgradeCheck = 1120;
				ORGANIZATIONNAME = "Dipanjan Pal";
				TargetAttributes = {
					946DC49E2433A409003F14B6 = {
						CreatedOnToolsVersion = 11.2.1;
					};
				};
			};
			buildConfigurationList = 946DC49A2433A409003F14B6 /* Build configuration list for PBXProject "Test" */;
			compatibilityVersion = "Xcode 9.3";
			developmentRegion = en;
			hasScannedForEncodings = 0;
			knownRegions = (
				en,
				Base,
			);
			mainGroup = 946DC4962433A409003F14B6;
			productRefGroup = 946DC4A02433A409003F14B6 /* Products */;
			projectDirPath = "";
			projectRoot = "";
			targets = (
				946DC49E2433A409003F14B6 /* Test */,
			);
		};
/* End PBXProject section */

/* Begin PBXResourcesBuildPhase section */
		946DC49D2433A409003F14B6 /* Resources */ = {
			isa = PBXResourcesBuildPhase;
			buildActionMask = 2147483647;
			files = (
				946DC4AF2433A40D003F14B6 /* LaunchScreen.storyboard in Resources */,
				946DC4AC2433A40D003F14B6 /* Assets.xcassets in Resources */,
				946DC4B92433A535003F14B6 /* CollectionViewCell.xib in Resources */,
				946DC4AA2433A409003F14B6 /* Main.storyboard in Resources */,
			);
			runOnlyForDeploymentPostprocessing = 0;
		};
/* End PBXResourcesBuildPhase section */

/* Begin PBXSourcesBuildPhase section */
		946DC49B2433A409003F14B6 /* Sources */ = {
			isa = PBXSourcesBuildPhase;
			buildActionMask = 2147483647;
			files = (
				94BA80FB2434584800598086 /* ScoreboardViewController.swift in Sources */,
				946DC4BB2433ACED003F14B6 /* CreateBlanks.swift in Sources */,
				94B3E13E24344849008E2DEE /* CommonConstants.swift in Sources */,
				946DC4A72433A409003F14B6 /* ViewController.swift in Sources */,
				94B3E14024344C3F008E2DEE /* WordGameTextField.swift in Sources */,
				946DC4A32433A409003F14B6 /* AppDelegate.swift in Sources */,
				946DC4B82433A535003F14B6 /* CollectionViewCell.swift in Sources */,
			);
			runOnlyForDeploymentPostprocessing = 0;
		};
/* End PBXSourcesBuildPhase section */

/* Begin PBXVariantGroup section */
		946DC4A82433A409003F14B6 /* Main.storyboard */ = {
			isa = PBXVariantGroup;
			children = (
				946DC4A92433A409003F14B6 /* Base */,
			);
			name = Main.storyboard;
			sourceTree = "<group>";
		};
		946DC4AD2433A40D003F14B6 /* LaunchScreen.storyboard */ = {
			isa = PBXVariantGroup;
			children = (
				946DC4AE2433A40D003F14B6 /* Base */,
			);
			name = LaunchScreen.storyboard;
			sourceTree = "<group>";
		};
/* End PBXVariantGroup section */

/* Begin XCBuildConfiguration section */
		946DC4B12433A40D003F14B6 /* Debug */ = {
			isa = XCBuildConfiguration;
			buildSettings = {
				ALWAYS_SEARCH_USER_PATHS = NO;
				CLANG_ANALYZER_NONNULL = YES;
				CLANG_ANALYZER_NUMBER_OBJECT_CONVERSION = YES_AGGRESSIVE;
				CLANG_CXX_LANGUAGE_STANDARD = "gnu++14";
				CLANG_CXX_LIBRARY = "libc++";
				CLANG_ENABLE_MODULES = YES;
				CLANG_ENABLE_OBJC_ARC = YES;
				CLANG_ENABLE_OBJC_WEAK = YES;
				CLANG_WARN_BLOCK_CAPTURE_AUTORELEASING = YES;
				CLANG_WARN_BOOL_CONVERSION = YES;
				CLANG_WARN_COMMA = YES;
				CLANG_WARN_CONSTANT_CONVERSION = YES;
				CLANG_WARN_DEPRECATED_OBJC_IMPLEMENTATIONS = YES;
				CLANG_WARN_DIRECT_OBJC_ISA_USAGE = YES_ERROR;
				CLANG_WARN_DOCUMENTATION_COMMENTS = YES;
				CLANG_WARN_EMPTY_BODY = YES;
				CLANG_WARN_ENUM_CONVERSION = YES;
				CLANG_WARN_INFINITE_RECURSION = YES;
				CLANG_WARN_INT_CONVERSION = YES;
				CLANG_WARN_NON_LITERAL_NULL_CONVERSION = YES;
				CLANG_WARN_OBJC_IMPLICIT_RETAIN_SELF = YES;
				CLANG_WARN_OBJC_LITERAL_CONVERSION = YES;
				CLANG_WARN_OBJC_ROOT_CLASS = YES_ERROR;
				CLANG_WARN_RANGE_LOOP_ANALYSIS = YES;
				CLANG_WARN_STRICT_PROTOTYPES = YES;
				CLANG_WARN_SUSPICIOUS_MOVE = YES;
				CLANG_WARN_UNGUARDED_AVAILABILITY = YES_AGGRESSIVE;
				CLANG_WARN_UNREACHABLE_CODE = YES;
				CLANG_WARN__DUPLICATE_METHOD_MATCH = YES;
				COPY_PHASE_STRIP = NO;
				DEBUG_INFORMATION_FORMAT = dwarf;
				ENABLE_STRICT_OBJC_MSGSEND = YES;
				ENABLE_TESTABILITY = YES;
				GCC_C_LANGUAGE_STANDARD = gnu11;
				GCC_DYNAMIC_NO_PIC = NO;
				GCC_NO_COMMON_BLOCKS = YES;
				GCC_OPTIMIZATION_LEVEL = 0;
				GCC_PREPROCESSOR_DEFINITIONS = (
					"DEBUG=1",
					"$(inherited)",
				);
				GCC_WARN_64_TO_32_BIT_CONVERSION = YES;
				GCC_WARN_ABOUT_RETURN_TYPE = YES_ERROR;
				GCC_WARN_UNDECLARED_SELECTOR = YES;
				GCC_WARN_UNINITIALIZED_AUTOS = YES_AGGRESSIVE;
				GCC_WARN_UNUSED_FUNCTION = YES;
				GCC_WARN_UNUSED_VARIABLE = YES;
				IPHONEOS_DEPLOYMENT_TARGET = 13.2;
				MTL_ENABLE_DEBUG_INFO = INCLUDE_SOURCE;
				MTL_FAST_MATH = YES;
				ONLY_ACTIVE_ARCH = YES;
				SDKROOT = iphoneos;
				SWIFT_ACTIVE_COMPILATION_CONDITIONS = DEBUG;
				SWIFT_OPTIMIZATION_LEVEL = "-Onone";
			};
			name = Debug;
		};
		946DC4B22433A40D003F14B6 /* Release */ = {
			isa = XCBuildConfiguration;
			buildSettings = {
				ALWAYS_SEARCH_USER_PATHS = NO;
				CLANG_ANALYZER_NONNULL = YES;
				CLANG_ANALYZER_NUMBER_OBJECT_CONVERSION = YES_AGGRESSIVE;
				CLANG_CXX_LANGUAGE_STANDARD = "gnu++14";
				CLANG_CXX_LIBRARY = "libc++";
				CLANG_ENABLE_MODULES = YES;
				CLANG_ENABLE_OBJC_ARC = YES;
				CLANG_ENABLE_OBJC_WEAK = YES;
				CLANG_WARN_BLOCK_CAPTURE_AUTORELEASING = YES;
				CLANG_WARN_BOOL_CONVERSION = YES;
				CLANG_WARN_COMMA = YES;
				CLANG_WARN_CONSTANT_CONVERSION = YES;
				CLANG_WARN_DEPRECATED_OBJC_IMPLEMENTATIONS = YES;
				CLANG_WARN_DIRECT_OBJC_ISA_USAGE = YES_ERROR;
				CLANG_WARN_DOCUMENTATION_COMMENTS = YES;
				CLANG_WARN_EMPTY_BODY = YES;
				CLANG_WARN_ENUM_CONVERSION = YES;
				CLANG_WARN_INFINITE_RECURSION = YES;
				CLANG_WARN_INT_CONVERSION = YES;
				CLANG_WARN_NON_LITERAL_NULL_CONVERSION = YES;
				CLANG_WARN_OBJC_IMPLICIT_RETAIN_SELF = YES;
				CLANG_WARN_OBJC_LITERAL_CONVERSION = YES;
				CLANG_WARN_OBJC_ROOT_CLASS = YES_ERROR;
				CLANG_WARN_RANGE_LOOP_ANALYSIS = YES;
				CLANG_WARN_STRICT_PROTOTYPES = YES;
				CLANG_WARN_SUSPICIOUS_MOVE = YES;
				CLANG_WARN_UNGUARDED_AVAILABILITY = YES_AGGRESSIVE;
				CLANG_WARN_UNREACHABLE_CODE = YES;
				CLANG_WARN__DUPLICATE_METHOD_MATCH = YES;
				COPY_PHASE_STRIP = NO;
				DEBUG_INFORMATION_FORMAT = "dwarf-with-dsym";
				ENABLE_NS_ASSERTIONS = NO;
				ENABLE_STRICT_OBJC_MSGSEND = YES;
				GCC_C_LANGUAGE_STANDARD = gnu11;
				GCC_NO_COMMON_BLOCKS = YES;
				GCC_WARN_64_TO_32_BIT_CONVERSION = YES;
				GCC_WARN_ABOUT_RETURN_TYPE = YES_ERROR;
				GCC_WARN_UNDECLARED_SELECTOR = YES;
				GCC_WARN_UNINITIALIZED_AUTOS = YES_AGGRESSIVE;
				GCC_WARN_UNUSED_FUNCTION = YES;
				GCC_WARN_UNUSED_VARIABLE = YES;
				IPHONEOS_DEPLOYMENT_TARGET = 13.2;
				MTL_ENABLE_DEBUG_INFO = NO;
				MTL_FAST_MATH = YES;
				SDKROOT = iphoneos;
				SWIFT_COMPILATION_MODE = wholemodule;
				SWIFT_OPTIMIZATION_LEVEL = "-O";
				VALIDATE_PRODUCT = YES;
			};
			name = Release;
		};
		946DC4B42433A40D003F14B6 /* Debug */ = {
			isa = XCBuildConfiguration;
			buildSettings = {
				ASSETCATALOG_COMPILER_APPICON_NAME = AppIcon;
				CODE_SIGN_STYLE = Automatic;
				INFOPLIST_FILE = Test/Info.plist;
				IPHONEOS_DEPLOYMENT_TARGET = 11.0;
				LD_RUNPATH_SEARCH_PATHS = (
					"$(inherited)",
					"@executable_path/Frameworks",
				);
				PRODUCT_BUNDLE_IDENTIFIER = com.dipanjanpal.Test;
				PRODUCT_NAME = "$(TARGET_NAME)";
				SWIFT_VERSION = 5.0;
				TARGETED_DEVICE_FAMILY = "1,2";
			};
			name = Debug;
		};
		946DC4B52433A40D003F14B6 /* Release */ = {
			isa = XCBuildConfiguration;
			buildSettings = {
				ASSETCATALOG_COMPILER_APPICON_NAME = AppIcon;
				CODE_SIGN_STYLE = Automatic;
				INFOPLIST_FILE = Test/Info.plist;
				IPHONEOS_DEPLOYMENT_TARGET = 11.0;
				LD_RUNPATH_SEARCH_PATHS = (
					"$(inherited)",
					"@executable_path/Frameworks",
				);
				PRODUCT_BUNDLE_IDENTIFIER = com.dipanjanpal.Test;
				PRODUCT_NAME = "$(TARGET_NAME)";
				SWIFT_VERSION = 5.0;
				TARGETED_DEVICE_FAMILY = "1,2";
			};
			name = Release;
		};
/* End XCBuildConfiguration section */

/* Begin XCConfigurationList section */
		946DC49A2433A409003F14B6 /* Build configuration list for PBXProject "Test" */ = {
			isa = XCConfigurationList;
			buildConfigurations = (
				946DC4B12433A40D003F14B6 /* Debug */,
				946DC4B22433A40D003F14B6 /* Release */,
			);
			defaultConfigurationIsVisible = 0;
			defaultConfigurationName = Release;
		};
		946DC4B32433A40D003F14B6 /* Build configuration list for PBXNativeTarget "Test" */ = {
			isa = XCConfigurationList;
			buildConfigurations = (
				946DC4B42433A40D003F14B6 /* Debug */,
				946DC4B52433A40D003F14B6 /* Release */,
			);
			defaultConfigurationIsVisible = 0;
			defaultConfigurationName = Release;
		};
/* End XCConfigurationList section */
	};
	rootObject = 946DC4972433A409003F14B6 /* Project object */;
}
